
Microsoft Visual Studio Solution File, Format Version 12.00
# Visual Studio Version 17
VisualStudioVersion = 17.13.35825.156 d17.13
MinimumVisualStudioVersion = 10.0.40219.1
Project("{FAE04EC0-301F-11D3-BF4B-00C04F79EFBC}") = "HelloWorld", "HelloWorld\HelloWorld.csproj", "{ACDE91F5-34ED-4EFE-A8BD-B270E949D7B5}"
EndProject
Global
	GlobalSection(SolutionConfigurationPlatforms) = preSolution
		Debug|Any CPU = Debug|Any CPU
		Release|Any CPU = Release|Any CPU
	EndGlobalSection
	GlobalSection(ProjectConfigurationPlatforms) = postSolution
		{ACDE91F5-34ED-4EFE-A8BD-B270E949D7B5}.Debug|Any CPU.ActiveCfg = Debug|Any CPU
		{ACDE91F5-34ED-4EFE-A8BD-B270E949D7B5}.Debug|Any CPU.Build.0 = Debug|Any CPU
		{ACDE91F5-34ED-4EFE-A8BD-B270E949D7B5}.Release|Any CPU.ActiveCfg = Release|Any CPU
		{ACDE91F5-34ED-4EFE-A8BD-B270E949D7B5}.Release|Any CPU.Build.0 = Release|Any CPU
	EndGlobalSection
	GlobalSection(SolutionProperties) = preSolution
		HideSolutionNode = FALSE
	EndGlobalSection
	GlobalSection(ExtensibilityGlobals) = postSolution
		SolutionGuid = {D8EB9166-3439-4522-BB0A-F919C7DFFEE5}
	EndGlobalSection
EndGlobal
